// !$*UTF8*$!
{
	archiveVersion = 1;
	classes = {
	};
	objectVersion = 46;
	objects = {

/* Begin PBXBuildFile section */
		8904A48F20D193E70067D328 /* gearPickerTableViewCell.swift in Sources */ = {isa = PBXBuildFile; fileRef = 8904A48E20D193E70067D328 /* gearPickerTableViewCell.swift */; };
		8904A49320D1DDB20067D328 /* session.swift in Sources */ = {isa = PBXBuildFile; fileRef = 8904A49220D1DDB20067D328 /* session.swift */; };
		8904A49520D1DF470067D328 /* kiter.swift in Sources */ = {isa = PBXBuildFile; fileRef = 8904A49420D1DF470067D328 /* kiter.swift */; };
		8904A49720D1E3350067D328 /* datePickerTableViewCell.swift in Sources */ = {isa = PBXBuildFile; fileRef = 8904A49620D1E3350067D328 /* datePickerTableViewCell.swift */; };
		8904A49B20D2D87A0067D328 /* createSpotViewController.swift in Sources */ = {isa = PBXBuildFile; fileRef = 8904A49A20D2D87A0067D328 /* createSpotViewController.swift */; };
		890E0D9E20E554FD002C13DA /* sessionMapCollectionViewCell.swift in Sources */ = {isa = PBXBuildFile; fileRef = 890E0D9D20E554FD002C13DA /* sessionMapCollectionViewCell.swift */; };
		893D347520D87E6F005CE4CA /* DBDownloadHandler.swift in Sources */ = {isa = PBXBuildFile; fileRef = 893D347420D87E6F005CE4CA /* DBDownloadHandler.swift */; };
		893E3B74210229B600FC8A58 /* kiterProfileTableViewCell.swift in Sources */ = {isa = PBXBuildFile; fileRef = 893E3B73210229B600FC8A58 /* kiterProfileTableViewCell.swift */; };
		8953DBD420F68C03009162D0 /* Assets.xcassets in Resources */ = {isa = PBXBuildFile; fileRef = 8953DBD320F68C03009162D0 /* Assets.xcassets */; };
		8954E03320D4D72B0015BB5B /* friendsViewController.swift in Sources */ = {isa = PBXBuildFile; fileRef = 8954E03220D4D72B0015BB5B /* friendsViewController.swift */; };
		8961BA7320E1E23600767065 /* sessionDisplayViewController.swift in Sources */ = {isa = PBXBuildFile; fileRef = 8961BA7220E1E23600767065 /* sessionDisplayViewController.swift */; };
		896E48CB210FB0780079DD67 /* multipleSessionsTableViewCell.swift in Sources */ = {isa = PBXBuildFile; fileRef = 896E48CA210FB0780079DD67 /* multipleSessionsTableViewCell.swift */; };
		896E48CD210FB6170079DD67 /* descriptionTableViewCell.swift in Sources */ = {isa = PBXBuildFile; fileRef = 896E48CC210FB6170079DD67 /* descriptionTableViewCell.swift */; };
		897F745420D5AECA00B9AEE9 /* newsFeedViewController.swift in Sources */ = {isa = PBXBuildFile; fileRef = 897F745320D5AECA00B9AEE9 /* newsFeedViewController.swift */; };
		8983538320D80C8D00A63FA0 /* sessionTrackerTableViewCell.swift in Sources */ = {isa = PBXBuildFile; fileRef = 8983538220D80C8D00A63FA0 /* sessionTrackerTableViewCell.swift */; };
		8991ECD620CDB6A90031BE97 /* spot.swift in Sources */ = {isa = PBXBuildFile; fileRef = 8991ECD520CDB6A90031BE97 /* spot.swift */; };
		899B7A5920D300F200A3F0EB /* spotLocationPickerTableViewCell.swift in Sources */ = {isa = PBXBuildFile; fileRef = 899B7A5820D300F200A3F0EB /* spotLocationPickerTableViewCell.swift */; };
		89ABB4CB20BB38FC00104C1D /* AppDelegate.swift in Sources */ = {isa = PBXBuildFile; fileRef = 89ABB4CA20BB38FC00104C1D /* AppDelegate.swift */; };
		89ABB4CD20BB38FC00104C1D /* spotsViewController.swift in Sources */ = {isa = PBXBuildFile; fileRef = 89ABB4CC20BB38FC00104C1D /* spotsViewController.swift */; };
		89ABB4CF20BB38FC00104C1D /* addViewController.swift in Sources */ = {isa = PBXBuildFile; fileRef = 89ABB4CE20BB38FC00104C1D /* addViewController.swift */; };
		89ABB4D220BB38FC00104C1D /* Main.storyboard in Resources */ = {isa = PBXBuildFile; fileRef = 89ABB4D020BB38FC00104C1D /* Main.storyboard */; };
		89ABB4D720BB38FC00104C1D /* LaunchScreen.storyboard in Resources */ = {isa = PBXBuildFile; fileRef = 89ABB4D520BB38FC00104C1D /* LaunchScreen.storyboard */; };
		89AF143220D4BA6300B0E1AA /* seasonTableViewCell.swift in Sources */ = {isa = PBXBuildFile; fileRef = 89AF143120D4BA6300B0E1AA /* seasonTableViewCell.swift */; };
		89B1671220D44F01008CE98F /* spotNameTableViewCell.swift in Sources */ = {isa = PBXBuildFile; fileRef = 89B1671120D44F01008CE98F /* spotNameTableViewCell.swift */; };
		89B1671420D45D23008CE98F /* windDirectionsTableViewCell.swift in Sources */ = {isa = PBXBuildFile; fileRef = 89B1671320D45D23008CE98F /* windDirectionsTableViewCell.swift */; };
		89B4794520D1733C00F64CC8 /* windSpeedPickerTableViewCell.swift in Sources */ = {isa = PBXBuildFile; fileRef = 89B4794420D1733C00F64CC8 /* windSpeedPickerTableViewCell.swift */; };
		89B4794720D17D9500F64CC8 /* justTitleTableViewCell.swift in Sources */ = {isa = PBXBuildFile; fileRef = 89B4794620D17D9500F64CC8 /* justTitleTableViewCell.swift */; };
		89B4794920D17ED300F64CC8 /* windSpeed.swift in Sources */ = {isa = PBXBuildFile; fileRef = 89B4794820D17ED300F64CC8 /* windSpeed.swift */; };
		89B4794D20D1856700F64CC8 /* gear.swift in Sources */ = {isa = PBXBuildFile; fileRef = 89B4794C20D1856700F64CC8 /* gear.swift */; };
		89BB11AC20D842080065D9DB /* Gear.swift in Sources */ = {isa = PBXBuildFile; fileRef = 89BB11A720D842080065D9DB /* Gear.swift */; };
		89BB11AD20D842080065D9DB /* Kiter.swift in Sources */ = {isa = PBXBuildFile; fileRef = 89BB11A820D842080065D9DB /* Kiter.swift */; };
		89BB11AE20D842080065D9DB /* Session.swift in Sources */ = {isa = PBXBuildFile; fileRef = 89BB11A920D842080065D9DB /* Session.swift */; };
		89BB11AF20D842080065D9DB /* Spot.swift in Sources */ = {isa = PBXBuildFile; fileRef = 89BB11AA20D842080065D9DB /* Spot.swift */; };
		89BB11B020D842080065D9DB /* Wind.swift in Sources */ = {isa = PBXBuildFile; fileRef = 89BB11AB20D842080065D9DB /* Wind.swift */; };
		89BB11B220D8431A0065D9DB /* DBUploadHandler.swift in Sources */ = {isa = PBXBuildFile; fileRef = 89BB11B120D8431A0065D9DB /* DBUploadHandler.swift */; };
		89BB11B420D843DA0065D9DB /* awsconfiguration.json in Resources */ = {isa = PBXBuildFile; fileRef = 89BB11B320D843DA0065D9DB /* awsconfiguration.json */; };
		89C9DA0720E54E4D0010415C /* sessionDisplayCollectionTableViewCell.swift in Sources */ = {isa = PBXBuildFile; fileRef = 89C9DA0620E54E4D0010415C /* sessionDisplayCollectionTableViewCell.swift */; };
		89D02B1220DB425D00447DA3 /* sessionDisplayTableViewCell.swift in Sources */ = {isa = PBXBuildFile; fileRef = 89D02B1120DB425D00447DA3 /* sessionDisplayTableViewCell.swift */; };
		89D02B1420DC399600447DA3 /* LocationDataPoint.swift in Sources */ = {isa = PBXBuildFile; fileRef = 89D02B1320DC399600447DA3 /* LocationDataPoint.swift */; };
		89E8F2B920D5687E003CA1F1 /* difficultyTableViewCell.swift in Sources */ = {isa = PBXBuildFile; fileRef = 89E8F2B820D5687E003CA1F1 /* difficultyTableViewCell.swift */; };
		89F0241120EA7F530055196E /* sessionDataTableCollectionViewCell.swift in Sources */ = {isa = PBXBuildFile; fileRef = 89F0241020EA7F530055196E /* sessionDataTableCollectionViewCell.swift */; };
		89F0241320EBF87E0055196E /* loginViewController.swift in Sources */ = {isa = PBXBuildFile; fileRef = 89F0241220EBF87E0055196E /* loginViewController.swift */; };
		89F19C4220F1416800EB06DD /* FBSDKRequestHandler.swift in Sources */ = {isa = PBXBuildFile; fileRef = 89F19C4120F1416800EB06DD /* FBSDKRequestHandler.swift */; };
		CC8B7FEF0DBB90A9092BD800 /* Pods_canIGetALaunch.framework in Frameworks */ = {isa = PBXBuildFile; fileRef = F1D1179C2B38590534C740E0 /* Pods_canIGetALaunch.framework */; };
/* End PBXBuildFile section */

/* Begin PBXFileReference section */
		2E3454389465BFDC27F5F7AB /* Pods-canIGetALaunch.debug.xcconfig */ = {isa = PBXFileReference; includeInIndex = 1; lastKnownFileType = text.xcconfig; name = "Pods-canIGetALaunch.debug.xcconfig"; path = "Pods/Target Support Files/Pods-canIGetALaunch/Pods-canIGetALaunch.debug.xcconfig"; sourceTree = "<group>"; };
		8904A48E20D193E70067D328 /* gearPickerTableViewCell.swift */ = {isa = PBXFileReference; fileEncoding = 4; lastKnownFileType = sourcecode.swift; path = gearPickerTableViewCell.swift; sourceTree = "<group>"; };
		8904A49220D1DDB20067D328 /* session.swift */ = {isa = PBXFileReference; fileEncoding = 4; lastKnownFileType = sourcecode.swift; path = session.swift; sourceTree = "<group>"; };
		8904A49420D1DF470067D328 /* kiter.swift */ = {isa = PBXFileReference; fileEncoding = 4; lastKnownFileType = sourcecode.swift; path = kiter.swift; sourceTree = "<group>"; };
		8904A49620D1E3350067D328 /* datePickerTableViewCell.swift */ = {isa = PBXFileReference; fileEncoding = 4; lastKnownFileType = sourcecode.swift; path = datePickerTableViewCell.swift; sourceTree = "<group>"; };
		8904A49A20D2D87A0067D328 /* createSpotViewController.swift */ = {isa = PBXFileReference; fileEncoding = 4; lastKnownFileType = sourcecode.swift; path = createSpotViewController.swift; sourceTree = "<group>"; };
		890E0D9D20E554FD002C13DA /* sessionMapCollectionViewCell.swift */ = {isa = PBXFileReference; fileEncoding = 4; lastKnownFileType = sourcecode.swift; path = sessionMapCollectionViewCell.swift; sourceTree = "<group>"; };
		893D347420D87E6F005CE4CA /* DBDownloadHandler.swift */ = {isa = PBXFileReference; fileEncoding = 4; lastKnownFileType = sourcecode.swift; path = DBDownloadHandler.swift; sourceTree = "<group>"; };
		893E3B73210229B600FC8A58 /* kiterProfileTableViewCell.swift */ = {isa = PBXFileReference; fileEncoding = 4; lastKnownFileType = sourcecode.swift; path = kiterProfileTableViewCell.swift; sourceTree = "<group>"; };
		8953DBD320F68C03009162D0 /* Assets.xcassets */ = {isa = PBXFileReference; lastKnownFileType = folder.assetcatalog; path = Assets.xcassets; sourceTree = "<group>"; };
		8954E03220D4D72B0015BB5B /* friendsViewController.swift */ = {isa = PBXFileReference; fileEncoding = 4; lastKnownFileType = sourcecode.swift; path = friendsViewController.swift; sourceTree = "<group>"; };
		8961BA7220E1E23600767065 /* sessionDisplayViewController.swift */ = {isa = PBXFileReference; fileEncoding = 4; lastKnownFileType = sourcecode.swift; path = sessionDisplayViewController.swift; sourceTree = "<group>"; };
		896E48CA210FB0780079DD67 /* multipleSessionsTableViewCell.swift */ = {isa = PBXFileReference; lastKnownFileType = sourcecode.swift; path = multipleSessionsTableViewCell.swift; sourceTree = "<group>"; };
		896E48CC210FB6170079DD67 /* descriptionTableViewCell.swift */ = {isa = PBXFileReference; lastKnownFileType = sourcecode.swift; path = descriptionTableViewCell.swift; sourceTree = "<group>"; };
		897F745320D5AECA00B9AEE9 /* newsFeedViewController.swift */ = {isa = PBXFileReference; fileEncoding = 4; lastKnownFileType = sourcecode.swift; path = newsFeedViewController.swift; sourceTree = "<group>"; };
		8983538220D80C8D00A63FA0 /* sessionTrackerTableViewCell.swift */ = {isa = PBXFileReference; fileEncoding = 4; lastKnownFileType = sourcecode.swift; path = sessionTrackerTableViewCell.swift; sourceTree = "<group>"; };
		8991ECD520CDB6A90031BE97 /* spot.swift */ = {isa = PBXFileReference; fileEncoding = 4; lastKnownFileType = sourcecode.swift; path = spot.swift; sourceTree = "<group>"; };
		899B7A5820D300F200A3F0EB /* spotLocationPickerTableViewCell.swift */ = {isa = PBXFileReference; fileEncoding = 4; lastKnownFileType = sourcecode.swift; path = spotLocationPickerTableViewCell.swift; sourceTree = "<group>"; };
		89ABB4C720BB38FC00104C1D /* canIGetALaunch.app */ = {isa = PBXFileReference; explicitFileType = wrapper.application; includeInIndex = 0; path = canIGetALaunch.app; sourceTree = BUILT_PRODUCTS_DIR; };
		89ABB4CA20BB38FC00104C1D /* AppDelegate.swift */ = {isa = PBXFileReference; lastKnownFileType = sourcecode.swift; path = AppDelegate.swift; sourceTree = "<group>"; };
		89ABB4CC20BB38FC00104C1D /* spotsViewController.swift */ = {isa = PBXFileReference; lastKnownFileType = sourcecode.swift; path = spotsViewController.swift; sourceTree = "<group>"; };
		89ABB4CE20BB38FC00104C1D /* addViewController.swift */ = {isa = PBXFileReference; lastKnownFileType = sourcecode.swift; path = addViewController.swift; sourceTree = "<group>"; };
		89ABB4D120BB38FC00104C1D /* Base */ = {isa = PBXFileReference; lastKnownFileType = file.storyboard; name = Base; path = Base.lproj/Main.storyboard; sourceTree = "<group>"; };
		89ABB4D620BB38FC00104C1D /* Base */ = {isa = PBXFileReference; lastKnownFileType = file.storyboard; name = Base; path = Base.lproj/LaunchScreen.storyboard; sourceTree = "<group>"; };
		89ABB4D820BB38FC00104C1D /* Info.plist */ = {isa = PBXFileReference; lastKnownFileType = text.plist.xml; path = Info.plist; sourceTree = "<group>"; };
		89AF143120D4BA6300B0E1AA /* seasonTableViewCell.swift */ = {isa = PBXFileReference; fileEncoding = 4; lastKnownFileType = sourcecode.swift; path = seasonTableViewCell.swift; sourceTree = "<group>"; };
		89B1671120D44F01008CE98F /* spotNameTableViewCell.swift */ = {isa = PBXFileReference; fileEncoding = 4; lastKnownFileType = sourcecode.swift; path = spotNameTableViewCell.swift; sourceTree = "<group>"; };
		89B1671320D45D23008CE98F /* windDirectionsTableViewCell.swift */ = {isa = PBXFileReference; fileEncoding = 4; lastKnownFileType = sourcecode.swift; path = windDirectionsTableViewCell.swift; sourceTree = "<group>"; };
		89B4794420D1733C00F64CC8 /* windSpeedPickerTableViewCell.swift */ = {isa = PBXFileReference; fileEncoding = 4; lastKnownFileType = sourcecode.swift; path = windSpeedPickerTableViewCell.swift; sourceTree = "<group>"; };
		89B4794620D17D9500F64CC8 /* justTitleTableViewCell.swift */ = {isa = PBXFileReference; fileEncoding = 4; lastKnownFileType = sourcecode.swift; path = justTitleTableViewCell.swift; sourceTree = "<group>"; };
		89B4794820D17ED300F64CC8 /* windSpeed.swift */ = {isa = PBXFileReference; fileEncoding = 4; lastKnownFileType = sourcecode.swift; path = windSpeed.swift; sourceTree = "<group>"; };
		89B4794C20D1856700F64CC8 /* gear.swift */ = {isa = PBXFileReference; fileEncoding = 4; lastKnownFileType = sourcecode.swift; path = gear.swift; sourceTree = "<group>"; };
		89BB11A720D842080065D9DB /* Gear.swift */ = {isa = PBXFileReference; fileEncoding = 4; lastKnownFileType = sourcecode.swift; path = Gear.swift; sourceTree = "<group>"; };
		89BB11A820D842080065D9DB /* Kiter.swift */ = {isa = PBXFileReference; fileEncoding = 4; lastKnownFileType = sourcecode.swift; path = Kiter.swift; sourceTree = "<group>"; };
		89BB11A920D842080065D9DB /* Session.swift */ = {isa = PBXFileReference; fileEncoding = 4; lastKnownFileType = sourcecode.swift; path = Session.swift; sourceTree = "<group>"; };
		89BB11AA20D842080065D9DB /* Spot.swift */ = {isa = PBXFileReference; fileEncoding = 4; lastKnownFileType = sourcecode.swift; path = Spot.swift; sourceTree = "<group>"; };
		89BB11AB20D842080065D9DB /* Wind.swift */ = {isa = PBXFileReference; fileEncoding = 4; lastKnownFileType = sourcecode.swift; path = Wind.swift; sourceTree = "<group>"; };
		89BB11B120D8431A0065D9DB /* DBUploadHandler.swift */ = {isa = PBXFileReference; fileEncoding = 4; lastKnownFileType = sourcecode.swift; path = DBUploadHandler.swift; sourceTree = "<group>"; };
		89BB11B320D843DA0065D9DB /* awsconfiguration.json */ = {isa = PBXFileReference; fileEncoding = 4; lastKnownFileType = text.json; path = awsconfiguration.json; sourceTree = "<group>"; };
		89C9DA0620E54E4D0010415C /* sessionDisplayCollectionTableViewCell.swift */ = {isa = PBXFileReference; fileEncoding = 4; lastKnownFileType = sourcecode.swift; path = sessionDisplayCollectionTableViewCell.swift; sourceTree = "<group>"; };
		89D02B1120DB425D00447DA3 /* sessionDisplayTableViewCell.swift */ = {isa = PBXFileReference; fileEncoding = 4; lastKnownFileType = sourcecode.swift; path = sessionDisplayTableViewCell.swift; sourceTree = "<group>"; };
		89D02B1320DC399600447DA3 /* LocationDataPoint.swift */ = {isa = PBXFileReference; fileEncoding = 4; lastKnownFileType = sourcecode.swift; path = LocationDataPoint.swift; sourceTree = "<group>"; };
		89E8F2B820D5687E003CA1F1 /* difficultyTableViewCell.swift */ = {isa = PBXFileReference; fileEncoding = 4; lastKnownFileType = sourcecode.swift; path = difficultyTableViewCell.swift; sourceTree = "<group>"; };
		89F0241020EA7F530055196E /* sessionDataTableCollectionViewCell.swift */ = {isa = PBXFileReference; fileEncoding = 4; lastKnownFileType = sourcecode.swift; path = sessionDataTableCollectionViewCell.swift; sourceTree = "<group>"; };
		89F0241220EBF87E0055196E /* loginViewController.swift */ = {isa = PBXFileReference; fileEncoding = 4; lastKnownFileType = sourcecode.swift; path = loginViewController.swift; sourceTree = "<group>"; };
		89F19C4020F02C6C00EB06DD /* canIGetALaunch.entitlements */ = {isa = PBXFileReference; lastKnownFileType = text.plist.entitlements; path = canIGetALaunch.entitlements; sourceTree = "<group>"; };
		89F19C4120F1416800EB06DD /* FBSDKRequestHandler.swift */ = {isa = PBXFileReference; fileEncoding = 4; lastKnownFileType = sourcecode.swift; path = FBSDKRequestHandler.swift; sourceTree = "<group>"; };
		F03CD4E5A20DEBC6C10FF9B8 /* Pods-canIGetALaunch.release.xcconfig */ = {isa = PBXFileReference; includeInIndex = 1; lastKnownFileType = text.xcconfig; name = "Pods-canIGetALaunch.release.xcconfig"; path = "Pods/Target Support Files/Pods-canIGetALaunch/Pods-canIGetALaunch.release.xcconfig"; sourceTree = "<group>"; };
		F1D1179C2B38590534C740E0 /* Pods_canIGetALaunch.framework */ = {isa = PBXFileReference; explicitFileType = wrapper.framework; includeInIndex = 0; path = Pods_canIGetALaunch.framework; sourceTree = BUILT_PRODUCTS_DIR; };
/* End PBXFileReference section */

/* Begin PBXFrameworksBuildPhase section */
		89ABB4C420BB38FC00104C1D /* Frameworks */ = {
			isa = PBXFrameworksBuildPhase;
			buildActionMask = 2147483647;
			files = (
				CC8B7FEF0DBB90A9092BD800 /* Pods_canIGetALaunch.framework in Frameworks */,
			);
			runOnlyForDeploymentPostprocessing = 0;
		};
/* End PBXFrameworksBuildPhase section */

/* Begin PBXGroup section */
		7CFFD855F35E40E6F037CF6E /* Frameworks */ = {
			isa = PBXGroup;
			children = (
				F1D1179C2B38590534C740E0 /* Pods_canIGetALaunch.framework */,
			);
			name = Frameworks;
			sourceTree = "<group>";
		};
		8937ADA82107D9EC008EE79E /* createSpotCells */ = {
			isa = PBXGroup;
			children = (
				89B1671120D44F01008CE98F /* spotNameTableViewCell.swift */,
				899B7A5820D300F200A3F0EB /* spotLocationPickerTableViewCell.swift */,
				89E8F2B820D5687E003CA1F1 /* difficultyTableViewCell.swift */,
				89B1671320D45D23008CE98F /* windDirectionsTableViewCell.swift */,
				89AF143120D4BA6300B0E1AA /* seasonTableViewCell.swift */,
			);
			name = createSpotCells;
			sourceTree = "<group>";
		};
		8937ADA92107DA15008EE79E /* createSessionCells */ = {
			isa = PBXGroup;
			children = (
				8904A49620D1E3350067D328 /* datePickerTableViewCell.swift */,
				89B4794420D1733C00F64CC8 /* windSpeedPickerTableViewCell.swift */,
				8904A48E20D193E70067D328 /* gearPickerTableViewCell.swift */,
				8983538220D80C8D00A63FA0 /* sessionTrackerTableViewCell.swift */,
			);
			name = createSessionCells;
			sourceTree = "<group>";
		};
		893D347620D8835C005CE4CA /* DBStuff */ = {
			isa = PBXGroup;
			children = (
				893D347420D87E6F005CE4CA /* DBDownloadHandler.swift */,
				89BB11B120D8431A0065D9DB /* DBUploadHandler.swift */,
			);
			name = DBStuff;
			sourceTree = "<group>";
		};
		89ABB4BE20BB38FC00104C1D = {
			isa = PBXGroup;
			children = (
				89ABB4C920BB38FC00104C1D /* canIGetALaunch */,
				89ABB4C820BB38FC00104C1D /* Products */,
				F0617BCC984EFDE463EFA4A0 /* Pods */,
				7CFFD855F35E40E6F037CF6E /* Frameworks */,
			);
			sourceTree = "<group>";
		};
		89ABB4C820BB38FC00104C1D /* Products */ = {
			isa = PBXGroup;
			children = (
				89ABB4C720BB38FC00104C1D /* canIGetALaunch.app */,
			);
			name = Products;
			sourceTree = "<group>";
		};
		89ABB4C920BB38FC00104C1D /* canIGetALaunch */ = {
			isa = PBXGroup;
			children = (
				89F19C4020F02C6C00EB06DD /* canIGetALaunch.entitlements */,
				893D347620D8835C005CE4CA /* DBStuff */,
				89BB11A420D842080065D9DB /* AmazonAws */,
				89B4794B20D17F7D00F64CC8 /* classes */,
				89B4794A20D17F6100F64CC8 /* cells */,
				89ABB4CA20BB38FC00104C1D /* AppDelegate.swift */,
				89F0241220EBF87E0055196E /* loginViewController.swift */,
				89ABB4CC20BB38FC00104C1D /* spotsViewController.swift */,
				8904A49A20D2D87A0067D328 /* createSpotViewController.swift */,
				89ABB4CE20BB38FC00104C1D /* addViewController.swift */,
				89ABB4D020BB38FC00104C1D /* Main.storyboard */,
				896E48CC210FB6170079DD67 /* descriptionTableViewCell.swift */,
				8953DBD320F68C03009162D0 /* Assets.xcassets */,
				89F19C4120F1416800EB06DD /* FBSDKRequestHandler.swift */,
				8961BA7220E1E23600767065 /* sessionDisplayViewController.swift */,
				897F745320D5AECA00B9AEE9 /* newsFeedViewController.swift */,
				8954E03220D4D72B0015BB5B /* friendsViewController.swift */,
				89ABB4D520BB38FC00104C1D /* LaunchScreen.storyboard */,
				89BB11B320D843DA0065D9DB /* awsconfiguration.json */,
				89ABB4D820BB38FC00104C1D /* Info.plist */,
			);
			path = canIGetALaunch;
			sourceTree = "<group>";
		};
		89B4794A20D17F6100F64CC8 /* cells */ = {
			isa = PBXGroup;
			children = (
				8937ADA92107DA15008EE79E /* createSessionCells */,
				8937ADA82107D9EC008EE79E /* createSpotCells */,
				89B4794620D17D9500F64CC8 /* justTitleTableViewCell.swift */,
				89D02B1120DB425D00447DA3 /* sessionDisplayTableViewCell.swift */,
				89C9DA0620E54E4D0010415C /* sessionDisplayCollectionTableViewCell.swift */,
				890E0D9D20E554FD002C13DA /* sessionMapCollectionViewCell.swift */,
				89F0241020EA7F530055196E /* sessionDataTableCollectionViewCell.swift */,
				893E3B73210229B600FC8A58 /* kiterProfileTableViewCell.swift */,
				896E48CA210FB0780079DD67 /* multipleSessionsTableViewCell.swift */,
			);
			name = cells;
			sourceTree = "<group>";
		};
		89B4794B20D17F7D00F64CC8 /* classes */ = {
			isa = PBXGroup;
			children = (
				89B4794820D17ED300F64CC8 /* windSpeed.swift */,
				8991ECD520CDB6A90031BE97 /* spot.swift */,
				89B4794C20D1856700F64CC8 /* gear.swift */,
				8904A49220D1DDB20067D328 /* session.swift */,
				8904A49420D1DF470067D328 /* kiter.swift */,
			);
			name = classes;
			sourceTree = "<group>";
		};
		89BB11A420D842080065D9DB /* AmazonAws */ = {
			isa = PBXGroup;
			children = (
				89BB11A520D842080065D9DB /* Models */,
			);
			path = AmazonAws;
			sourceTree = "<group>";
		};
		89BB11A520D842080065D9DB /* Models */ = {
			isa = PBXGroup;
			children = (
				89BB11A620D842080065D9DB /* NoSQL */,
			);
			path = Models;
			sourceTree = "<group>";
		};
		89BB11A620D842080065D9DB /* NoSQL */ = {
			isa = PBXGroup;
			children = (
				89BB11A720D842080065D9DB /* Gear.swift */,
				89BB11A820D842080065D9DB /* Kiter.swift */,
				89BB11A920D842080065D9DB /* Session.swift */,
				89D02B1320DC399600447DA3 /* LocationDataPoint.swift */,
				89BB11AA20D842080065D9DB /* Spot.swift */,
				89BB11AB20D842080065D9DB /* Wind.swift */,
			);
			path = NoSQL;
			sourceTree = "<group>";
		};
		F0617BCC984EFDE463EFA4A0 /* Pods */ = {
			isa = PBXGroup;
			children = (
				2E3454389465BFDC27F5F7AB /* Pods-canIGetALaunch.debug.xcconfig */,
				F03CD4E5A20DEBC6C10FF9B8 /* Pods-canIGetALaunch.release.xcconfig */,
			);
			name = Pods;
			sourceTree = "<group>";
		};
/* End PBXGroup section */

/* Begin PBXNativeTarget section */
		89ABB4C620BB38FC00104C1D /* canIGetALaunch */ = {
			isa = PBXNativeTarget;
			buildConfigurationList = 89ABB4DB20BB38FC00104C1D /* Build configuration list for PBXNativeTarget "canIGetALaunch" */;
			buildPhases = (
				6579F357F3D62B43AC338ECD /* [CP] Check Pods Manifest.lock */,
				89ABB4C320BB38FC00104C1D /* Sources */,
				89ABB4C420BB38FC00104C1D /* Frameworks */,
				89ABB4C520BB38FC00104C1D /* Resources */,
				8C5B21EC739224F96399DB33 /* [CP] Embed Pods Frameworks */,
			);
			buildRules = (
			);
			dependencies = (
			);
			name = canIGetALaunch;
			productName = canIGetALaunch;
			productReference = 89ABB4C720BB38FC00104C1D /* canIGetALaunch.app */;
			productType = "com.apple.product-type.application";
		};
/* End PBXNativeTarget section */

/* Begin PBXProject section */
		89ABB4BF20BB38FC00104C1D /* Project object */ = {
			isa = PBXProject;
			attributes = {
				LastSwiftUpdateCheck = 0820;
				LastUpgradeCheck = 0820;
				ORGANIZATIONNAME = "Ahmed Moussa";
				TargetAttributes = {
					89ABB4C620BB38FC00104C1D = {
						CreatedOnToolsVersion = 8.2.1;
						DevelopmentTeam = C39656PGLG;
						LastSwiftMigration = 1000;
						ProvisioningStyle = Automatic;
						SystemCapabilities = {
							com.apple.BackgroundModes = {
								enabled = 1;
							};
							com.apple.Keychain = {
								enabled = 1;
							};
						};
					};
				};
			};
			buildConfigurationList = 89ABB4C220BB38FC00104C1D /* Build configuration list for PBXProject "canIGetALaunch" */;
			compatibilityVersion = "Xcode 3.2";
			developmentRegion = English;
			hasScannedForEncodings = 0;
			knownRegions = (
				en,
				Base,
			);
			mainGroup = 89ABB4BE20BB38FC00104C1D;
			productRefGroup = 89ABB4C820BB38FC00104C1D /* Products */;
			projectDirPath = "";
			projectRoot = "";
			targets = (
				89ABB4C620BB38FC00104C1D /* canIGetALaunch */,
			);
		};
/* End PBXProject section */

/* Begin PBXResourcesBuildPhase section */
		89ABB4C520BB38FC00104C1D /* Resources */ = {
			isa = PBXResourcesBuildPhase;
			buildActionMask = 2147483647;
			files = (
				89BB11B420D843DA0065D9DB /* awsconfiguration.json in Resources */,
				89ABB4D720BB38FC00104C1D /* LaunchScreen.storyboard in Resources */,
				8953DBD420F68C03009162D0 /* Assets.xcassets in Resources */,
				89ABB4D220BB38FC00104C1D /* Main.storyboard in Resources */,
			);
			runOnlyForDeploymentPostprocessing = 0;
		};
/* End PBXResourcesBuildPhase section */

/* Begin PBXShellScriptBuildPhase section */
		6579F357F3D62B43AC338ECD /* [CP] Check Pods Manifest.lock */ = {
			isa = PBXShellScriptBuildPhase;
			buildActionMask = 2147483647;
			files = (
			);
			inputPaths = (
				"${PODS_PODFILE_DIR_PATH}/Podfile.lock",
				"${PODS_ROOT}/Manifest.lock",
			);
			name = "[CP] Check Pods Manifest.lock";
			outputPaths = (
				"$(DERIVED_FILE_DIR)/Pods-canIGetALaunch-checkManifestLockResult.txt",
			);
			runOnlyForDeploymentPostprocessing = 0;
			shellPath = /bin/sh;
			shellScript = "diff \"${PODS_PODFILE_DIR_PATH}/Podfile.lock\" \"${PODS_ROOT}/Manifest.lock\" > /dev/null\nif [ $? != 0 ] ; then\n    # print error to STDERR\n    echo \"error: The sandbox is not in sync with the Podfile.lock. Run 'pod install' or update your CocoaPods installation.\" >&2\n    exit 1\nfi\n# This output is used by Xcode 'outputs' to avoid re-running this script phase.\necho \"SUCCESS\" > \"${SCRIPT_OUTPUT_FILE_0}\"\n";
			showEnvVarsInLog = 0;
		};
		8C5B21EC739224F96399DB33 /* [CP] Embed Pods Frameworks */ = {
			isa = PBXShellScriptBuildPhase;
			buildActionMask = 2147483647;
			files = (
			);
			inputPaths = (
				"${SRCROOT}/Pods/Target Support Files/Pods-canIGetALaunch/Pods-canIGetALaunch-frameworks.sh",
				"${BUILT_PRODUCTS_DIR}/AWSAuthCore/AWSAuthCore.framework",
				"${BUILT_PRODUCTS_DIR}/AWSCore/AWSCore.framework",
				"${BUILT_PRODUCTS_DIR}/AWSDynamoDB/AWSDynamoDB.framework",
				"${BUILT_PRODUCTS_DIR}/AWSMobileClient/AWSMobileClient.framework",
				"${BUILT_PRODUCTS_DIR}/Bolts/Bolts.framework",
				"${BUILT_PRODUCTS_DIR}/FBSDKCoreKit/FBSDKCoreKit.framework",
				"${BUILT_PRODUCTS_DIR}/FBSDKLoginKit/FBSDKLoginKit.framework",
			);
			name = "[CP] Embed Pods Frameworks";
			outputPaths = (
				"${TARGET_BUILD_DIR}/${FRAMEWORKS_FOLDER_PATH}/AWSAuthCore.framework",
				"${TARGET_BUILD_DIR}/${FRAMEWORKS_FOLDER_PATH}/AWSCore.framework",
				"${TARGET_BUILD_DIR}/${FRAMEWORKS_FOLDER_PATH}/AWSDynamoDB.framework",
				"${TARGET_BUILD_DIR}/${FRAMEWORKS_FOLDER_PATH}/AWSMobileClient.framework",
				"${TARGET_BUILD_DIR}/${FRAMEWORKS_FOLDER_PATH}/Bolts.framework",
				"${TARGET_BUILD_DIR}/${FRAMEWORKS_FOLDER_PATH}/FBSDKCoreKit.framework",
				"${TARGET_BUILD_DIR}/${FRAMEWORKS_FOLDER_PATH}/FBSDKLoginKit.framework",
			);
			runOnlyForDeploymentPostprocessing = 0;
			shellPath = /bin/sh;
			shellScript = "\"${SRCROOT}/Pods/Target Support Files/Pods-canIGetALaunch/Pods-canIGetALaunch-frameworks.sh\"\n";
			showEnvVarsInLog = 0;
		};
/* End PBXShellScriptBuildPhase section */

/* Begin PBXSourcesBuildPhase section */
		89ABB4C320BB38FC00104C1D /* Sources */ = {
			isa = PBXSourcesBuildPhase;
			buildActionMask = 2147483647;
			files = (
				89B1671220D44F01008CE98F /* spotNameTableViewCell.swift in Sources */,
				89B4794720D17D9500F64CC8 /* justTitleTableViewCell.swift in Sources */,
				89E8F2B920D5687E003CA1F1 /* difficultyTableViewCell.swift in Sources */,
				890E0D9E20E554FD002C13DA /* sessionMapCollectionViewCell.swift in Sources */,
				8961BA7320E1E23600767065 /* sessionDisplayViewController.swift in Sources */,
				893E3B74210229B600FC8A58 /* kiterProfileTableViewCell.swift in Sources */,
				89B4794920D17ED300F64CC8 /* windSpeed.swift in Sources */,
				899B7A5920D300F200A3F0EB /* spotLocationPickerTableViewCell.swift in Sources */,
				896E48CD210FB6170079DD67 /* descriptionTableViewCell.swift in Sources */,
				8904A49320D1DDB20067D328 /* session.swift in Sources */,
				8983538320D80C8D00A63FA0 /* sessionTrackerTableViewCell.swift in Sources */,
				89AF143220D4BA6300B0E1AA /* seasonTableViewCell.swift in Sources */,
				89ABB4CF20BB38FC00104C1D /* addViewController.swift in Sources */,
				89BB11B220D8431A0065D9DB /* DBUploadHandler.swift in Sources */,
				893D347520D87E6F005CE4CA /* DBDownloadHandler.swift in Sources */,
				89B4794520D1733C00F64CC8 /* windSpeedPickerTableViewCell.swift in Sources */,
				89F0241320EBF87E0055196E /* loginViewController.swift in Sources */,
				89B4794D20D1856700F64CC8 /* gear.swift in Sources */,
				89BB11AD20D842080065D9DB /* Kiter.swift in Sources */,
				89C9DA0720E54E4D0010415C /* sessionDisplayCollectionTableViewCell.swift in Sources */,
				89D02B1220DB425D00447DA3 /* sessionDisplayTableViewCell.swift in Sources */,
				8904A49B20D2D87A0067D328 /* createSpotViewController.swift in Sources */,
				896E48CB210FB0780079DD67 /* multipleSessionsTableViewCell.swift in Sources */,
				897F745420D5AECA00B9AEE9 /* newsFeedViewController.swift in Sources */,
				89F0241120EA7F530055196E /* sessionDataTableCollectionViewCell.swift in Sources */,
				89ABB4CB20BB38FC00104C1D /* AppDelegate.swift in Sources */,
				8904A49720D1E3350067D328 /* datePickerTableViewCell.swift in Sources */,
				89ABB4CD20BB38FC00104C1D /* spotsViewController.swift in Sources */,
				8954E03320D4D72B0015BB5B /* friendsViewController.swift in Sources */,
				8991ECD620CDB6A90031BE97 /* spot.swift in Sources */,
				89BB11AC20D842080065D9DB /* Gear.swift in Sources */,
				89BB11AE20D842080065D9DB /* Session.swift in Sources */,
				89F19C4220F1416800EB06DD /* FBSDKRequestHandler.swift in Sources */,
				8904A49520D1DF470067D328 /* kiter.swift in Sources */,
				89D02B1420DC399600447DA3 /* LocationDataPoint.swift in Sources */,
				89BB11AF20D842080065D9DB /* Spot.swift in Sources */,
				8904A48F20D193E70067D328 /* gearPickerTableViewCell.swift in Sources */,
				89B1671420D45D23008CE98F /* windDirectionsTableViewCell.swift in Sources */,
				89BB11B020D842080065D9DB /* Wind.swift in Sources */,
			);
			runOnlyForDeploymentPostprocessing = 0;
		};
/* End PBXSourcesBuildPhase section */

/* Begin PBXVariantGroup section */
		89ABB4D020BB38FC00104C1D /* Main.storyboard */ = {
			isa = PBXVariantGroup;
			children = (
				89ABB4D120BB38FC00104C1D /* Base */,
			);
			name = Main.storyboard;
			sourceTree = "<group>";
		};
		89ABB4D520BB38FC00104C1D /* LaunchScreen.storyboard */ = {
			isa = PBXVariantGroup;
			children = (
				89ABB4D620BB38FC00104C1D /* Base */,
			);
			name = LaunchScreen.storyboard;
			sourceTree = "<group>";
		};
/* End PBXVariantGroup section */

/* Begin XCBuildConfiguration section */
		89ABB4D920BB38FC00104C1D /* Debug */ = {
			isa = XCBuildConfiguration;
			buildSettings = {
				ALWAYS_SEARCH_USER_PATHS = NO;
				CLANG_ANALYZER_NONNULL = YES;
				CLANG_CXX_LANGUAGE_STANDARD = "gnu++0x";
				CLANG_CXX_LIBRARY = "libc++";
				CLANG_ENABLE_MODULES = YES;
				CLANG_ENABLE_OBJC_ARC = YES;
				CLANG_WARN_BOOL_CONVERSION = YES;
				CLANG_WARN_CONSTANT_CONVERSION = YES;
				CLANG_WARN_DIRECT_OBJC_ISA_USAGE = YES_ERROR;
				CLANG_WARN_DOCUMENTATION_COMMENTS = YES;
				CLANG_WARN_EMPTY_BODY = YES;
				CLANG_WARN_ENUM_CONVERSION = YES;
				CLANG_WARN_INFINITE_RECURSION = YES;
				CLANG_WARN_INT_CONVERSION = YES;
				CLANG_WARN_OBJC_ROOT_CLASS = YES_ERROR;
				CLANG_WARN_SUSPICIOUS_MOVE = YES;
				CLANG_WARN_UNREACHABLE_CODE = YES;
				CLANG_WARN__DUPLICATE_METHOD_MATCH = YES;
				"CODE_SIGN_IDENTITY[sdk=iphoneos*]" = "iPhone Developer";
				COPY_PHASE_STRIP = NO;
				DEBUG_INFORMATION_FORMAT = dwarf;
				ENABLE_STRICT_OBJC_MSGSEND = YES;
				ENABLE_TESTABILITY = YES;
				GCC_C_LANGUAGE_STANDARD = gnu99;
				GCC_DYNAMIC_NO_PIC = NO;
				GCC_NO_COMMON_BLOCKS = YES;
				GCC_OPTIMIZATION_LEVEL = 0;
				GCC_PREPROCESSOR_DEFINITIONS = (
					"DEBUG=1",
					"$(inherited)",
				);
				GCC_WARN_64_TO_32_BIT_CONVERSION = YES;
				GCC_WARN_ABOUT_RETURN_TYPE = YES_ERROR;
				GCC_WARN_UNDECLARED_SELECTOR = YES;
				GCC_WARN_UNINITIALIZED_AUTOS = YES_AGGRESSIVE;
				GCC_WARN_UNUSED_FUNCTION = YES;
				GCC_WARN_UNUSED_VARIABLE = YES;
				IPHONEOS_DEPLOYMENT_TARGET = 10.2;
				MTL_ENABLE_DEBUG_INFO = YES;
				ONLY_ACTIVE_ARCH = YES;
				SDKROOT = iphoneos;
				SWIFT_ACTIVE_COMPILATION_CONDITIONS = DEBUG;
				SWIFT_OPTIMIZATION_LEVEL = "-Onone";
				TARGETED_DEVICE_FAMILY = "1,2";
			};
			name = Debug;
		};
		89ABB4DA20BB38FC00104C1D /* Release */ = {
			isa = XCBuildConfiguration;
			buildSettings = {
				ALWAYS_SEARCH_USER_PATHS = NO;
				CLANG_ANALYZER_NONNULL = YES;
				CLANG_CXX_LANGUAGE_STANDARD = "gnu++0x";
				CLANG_CXX_LIBRARY = "libc++";
				CLANG_ENABLE_MODULES = YES;
				CLANG_ENABLE_OBJC_ARC = YES;
				CLANG_WARN_BOOL_CONVERSION = YES;
				CLANG_WARN_CONSTANT_CONVERSION = YES;
				CLANG_WARN_DIRECT_OBJC_ISA_USAGE = YES_ERROR;
				CLANG_WARN_DOCUMENTATION_COMMENTS = YES;
				CLANG_WARN_EMPTY_BODY = YES;
				CLANG_WARN_ENUM_CONVERSION = YES;
				CLANG_WARN_INFINITE_RECURSION = YES;
				CLANG_WARN_INT_CONVERSION = YES;
				CLANG_WARN_OBJC_ROOT_CLASS = YES_ERROR;
				CLANG_WARN_SUSPICIOUS_MOVE = YES;
				CLANG_WARN_UNREACHABLE_CODE = YES;
				CLANG_WARN__DUPLICATE_METHOD_MATCH = YES;
				"CODE_SIGN_IDENTITY[sdk=iphoneos*]" = "iPhone Developer";
				COPY_PHASE_STRIP = NO;
				DEBUG_INFORMATION_FORMAT = "dwarf-with-dsym";
				ENABLE_NS_ASSERTIONS = NO;
				ENABLE_STRICT_OBJC_MSGSEND = YES;
				GCC_C_LANGUAGE_STANDARD = gnu99;
				GCC_NO_COMMON_BLOCKS = YES;
				GCC_WARN_64_TO_32_BIT_CONVERSION = YES;
				GCC_WARN_ABOUT_RETURN_TYPE = YES_ERROR;
				GCC_WARN_UNDECLARED_SELECTOR = YES;
				GCC_WARN_UNINITIALIZED_AUTOS = YES_AGGRESSIVE;
				GCC_WARN_UNUSED_FUNCTION = YES;
				GCC_WARN_UNUSED_VARIABLE = YES;
				IPHONEOS_DEPLOYMENT_TARGET = 10.2;
				MTL_ENABLE_DEBUG_INFO = NO;
				SDKROOT = iphoneos;
				SWIFT_OPTIMIZATION_LEVEL = "-Owholemodule";
				TARGETED_DEVICE_FAMILY = "1,2";
				VALIDATE_PRODUCT = YES;
			};
			name = Release;
		};
		89ABB4DC20BB38FC00104C1D /* Debug */ = {
			isa = XCBuildConfiguration;
			baseConfigurationReference = 2E3454389465BFDC27F5F7AB /* Pods-canIGetALaunch.debug.xcconfig */;
			buildSettings = {
				ASSETCATALOG_COMPILER_APPICON_NAME = AppIcon;
				CLANG_ALLOW_NON_MODULAR_INCLUDES_IN_FRAMEWORK_MODULES = YES;
				CODE_SIGN_ENTITLEMENTS = canIGetALaunch/canIGetALaunch.entitlements;
				DEVELOPMENT_TEAM = C39656PGLG;
				INFOPLIST_FILE = canIGetALaunch/Info.plist;
				LD_RUNPATH_SEARCH_PATHS = "$(inherited) @executable_path/Frameworks";
				PRODUCT_BUNDLE_IDENTIFIER = com.aomoussa.canIGetALaunch;
				PRODUCT_NAME = "$(TARGET_NAME)";
				SWIFT_SWIFT3_OBJC_INFERENCE = On;
				SWIFT_VERSION = 4.2;
			};
			name = Debug;
		};
		89ABB4DD20BB38FC00104C1D /* Release */ = {
			isa = XCBuildConfiguration;
			baseConfigurationReference = F03CD4E5A20DEBC6C10FF9B8 /* Pods-canIGetALaunch.release.xcconfig */;
			buildSettings = {
				ASSETCATALOG_COMPILER_APPICON_NAME = AppIcon;
				CLANG_ALLOW_NON_MODULAR_INCLUDES_IN_FRAMEWORK_MODULES = YES;
				CODE_SIGN_ENTITLEMENTS = canIGetALaunch/canIGetALaunch.entitlements;
				DEVELOPMENT_TEAM = C39656PGLG;
				INFOPLIST_FILE = canIGetALaunch/Info.plist;
				LD_RUNPATH_SEARCH_PATHS = "$(inherited) @executable_path/Frameworks";
				PRODUCT_BUNDLE_IDENTIFIER = com.aomoussa.canIGetALaunch;
				PRODUCT_NAME = "$(TARGET_NAME)";
				SWIFT_SWIFT3_OBJC_INFERENCE = On;
				SWIFT_VERSION = 4.2;
			};
			name = Release;
		};
/* End XCBuildConfiguration section */

/* Begin XCConfigurationList section */
		89ABB4C220BB38FC00104C1D /* Build configuration list for PBXProject "canIGetALaunch" */ = {
			isa = XCConfigurationList;
			buildConfigurations = (
				89ABB4D920BB38FC00104C1D /* Debug */,
				89ABB4DA20BB38FC00104C1D /* Release */,
			);
			defaultConfigurationIsVisible = 0;
			defaultConfigurationName = Release;
		};
		89ABB4DB20BB38FC00104C1D /* Build configuration list for PBXNativeTarget "canIGetALaunch" */ = {
			isa = XCConfigurationList;
			buildConfigurations = (
				89ABB4DC20BB38FC00104C1D /* Debug */,
				89ABB4DD20BB38FC00104C1D /* Release */,
			);
			defaultConfigurationIsVisible = 0;
			defaultConfigurationName = Release;
		};
/* End XCConfigurationList section */
	};
	rootObject = 89ABB4BF20BB38FC00104C1D /* Project object */;
}
